hash: 70988ff3dada2f15f7e350747c13fdd771cf0870c79306d5ec3aa560f6ee1500
updated: 2018-01-25T15:18:09.998427974+09:00
imports:
- name: github.com/boltdb/bolt
  version: 2f1ce7a837dcb8da3ec595b1dac9d0632f0f99e8
- name: github.com/golang/freetype
  version: e2365dfdc4a05e4b8299a783240d4a7d5a65d4e4
  subpackages:
  - raster
  - truetype
- name: github.com/gopherjs/gopherjs
  version: 178c176a91fe05e3e6c58fa5c989bad19e6cdcb3
  subpackages:
  - js
- name: github.com/hajimehoshi/go-mp3
  version: a843108de7dee367a459b0f5e9989edef201daf5
  subpackages:
  - internal/bits
  - internal/consts
  - internal/frame
  - internal/frameheader
  - internal/huffman
  - internal/imdct
  - internal/maindata
  - internal/sideinfo
- name: github.com/hajimehoshi/oto
  version: 3680d211ad669453474fc5622a8cc4d346accedb
  subpackages:
  - internal/jni
- name: golang.org/x/exp
  version: 072991165226c11c888c881218850e8318c2b32e
  subpackages:
  - shiny/driver/gldriver
  - shiny/driver/internal/drawer
  - shiny/driver/internal/errscreen
  - shiny/driver/internal/event
  - shiny/driver/internal/lifecycler
  - shiny/driver/internal/win32
  - shiny/driver/internal/x11key
  - shiny/screen
- name: golang.org/x/image
  version: 12117c17ca67ffa1ce22e9409f3b0b0a93ac08c7
  subpackages:
  - font
  - font/gofont/goregular
  - math/f64
  - math/fixed
- name: golang.org/x/mobile
  version: 5704e182c7003d4b7e94c23373f3fad4e5ceb25a
  subpackages:
  - app
  - app/internal/callfn
  - asset
  - event/key
  - event/lifecycle
  - event/mouse
  - event/paint
  - event/size
  - event/touch
  - exp/app/debug
  - exp/f32
  - exp/gl/glutil
  - exp/sprite
  - exp/sprite/clock
  - exp/sprite/glsprite
  - geom
  - gl
  - internal/mobileinit
- name: golang.org/x/sys
  version: af9a21289d0040306ecc55fa668c95246f1f8425
  subpackages:
  - unix
  - windows
testImports: []
