hash: ee3efdb16735d8a52d150f2f8d44be8dc46b2c76196c0b9e8d2d6a9dd4250329
updated: 2017-01-22T21:24:48.959893023+09:00
imports:
- name: github.com/boltdb/bolt
  version: a705895fdad108f053eae7ee011ed94a0541ee13
- name: github.com/golang/freetype
  version: d9be45aaf7452cc30c0ceb1b1bf7efe1d17b7c87
  subpackages:
  - raster
  - truetype
- name: golang.org/x/exp
  version: f2073adf91ee59c0293b4a2e4ea3d15b1ed54fb4
  subpackages:
  - shiny/driver/gldriver
  - shiny/driver/internal/drawer
  - shiny/driver/internal/errscreen
  - shiny/driver/internal/event
  - shiny/driver/internal/lifecycler
  - shiny/driver/internal/win32
  - shiny/driver/internal/x11key
  - shiny/screen
- name: golang.org/x/image
  version: 83686c547965220f8b5d75e83ddc67d73420a89f
  subpackages:
  - font
  - font/gofont/goregular
  - math/f64
  - math/fixed
- name: golang.org/x/mobile
  version: 627b50519506c643b9493a32477821d2bdd8c23e
  repo: https://github.com/pankona/mobile
  vcs: git
  subpackages:
  - app
  - app/internal/callfn
  - asset
  - event/key
  - event/lifecycle
  - event/mouse
  - event/paint
  - event/size
  - event/touch
  - exp/app/debug
  - exp/f32
  - exp/gl/glutil
  - exp/sprite
  - exp/sprite/clock
  - exp/sprite/glsprite
  - geom
  - gl
  - internal/mobileinit
- name: golang.org/x/sys
  version: d75a52659825e75fff6158388dddc6a5b04f9ba5
  subpackages:
  - unix
  - windows
testImports: []
