hash: 1d5dac51c0ee749f96bcfc3bfb6a21776c5c7b72472f98dbd59d74e8fe0ecdc6
updated: 2017-05-08T21:26:05.303411332+09:00
imports:
- name: github.com/boltdb/bolt
  version: e9cf4fae01b5a8ff89d0ec6b32f0d9c9f79aefdd
- name: github.com/golang/freetype
  version: bcfeb16b74e8aea9e2fe043406f2ef74b1cb0759
  subpackages:
  - raster
  - truetype
- name: golang.org/x/exp
  version: 239d448f23a0d683c1ab7225da01af038355f5e9
  subpackages:
  - shiny/driver/gldriver
  - shiny/driver/internal/drawer
  - shiny/driver/internal/errscreen
  - shiny/driver/internal/event
  - shiny/driver/internal/lifecycler
  - shiny/driver/internal/win32
  - shiny/driver/internal/x11key
  - shiny/screen
- name: golang.org/x/image
  version: f483456c9f61fd7c1e170033d58ef22ff5ffe291
  subpackages:
  - font
  - font/gofont/goregular
  - math/f64
  - math/fixed
- name: golang.org/x/mobile
  version: da8eea871ad42d958d4cc03a8eee0722e66f551b
  repo: https://github.com/pankona/mobile
  vcs: git
  subpackages:
  - app
  - app/internal/callfn
  - asset
  - event/key
  - event/lifecycle
  - event/mouse
  - event/paint
  - event/size
  - event/touch
  - exp/app/debug
  - exp/f32
  - exp/gl/glutil
  - exp/sprite
  - exp/sprite/clock
  - exp/sprite/glsprite
  - geom
  - gl
  - internal/mobileinit
- name: golang.org/x/sys
  version: 9ccfe848b9db8435a24c424abbc07a921adf1df5
  subpackages:
  - unix
  - windows
testImports: []
