# This file is autogenerated, do not edit; changes may be undone by the next 'dep ensure'.


[[projects]]
  digest = "1:ed112122ed4a920d944cc99b9d00b0441c11685939c28462c719488d36fe29aa"
  name = "github.com/boltdb/bolt"
  packages = ["."]
  pruneopts = ""
  revision = "2f1ce7a837dcb8da3ec595b1dac9d0632f0f99e8"
  version = "v1.3.1"

[[projects]]
  branch = "master"
  digest = "1:05f7dd1dc7530cd6b959f8b49660cd898f8dc9601b4e764ef9bdf211e6318774"
  name = "github.com/golang/freetype"
  packages = [
    "raster",
    "truetype",
  ]
  pruneopts = ""
  revision = "e2365dfdc4a05e4b8299a783240d4a7d5a65d4e4"

[[projects]]
  branch = "master"
  digest = "1:80b134ce14a5242e2bfd70bb6a3eae8b9a21c27d29f609226b0caea430ff7918"
  name = "github.com/gopherjs/gopherjs"
  packages = ["js"]
  pruneopts = ""
  revision = "82b322028c96512b15077093b16a5f1c7ea897ac"

[[projects]]
  branch = "master"
  digest = "1:0e2e308bc171f326d6606ed0a87cf438dd8426872fbd692625a9b859396472a4"
  name = "github.com/hajimehoshi/go-mp3"
  packages = [
    ".",
    "internal/bits",
    "internal/consts",
    "internal/frame",
    "internal/frameheader",
    "internal/huffman",
    "internal/imdct",
    "internal/maindata",
    "internal/sideinfo",
  ]
  pruneopts = ""
  revision = "14af46a99b16fe1e285e22e032579d8b075c71f4"

[[projects]]
  branch = "master"
  digest = "1:86f10673ff5493328d5fc1a357bcf8397eca503e0bb40edd45925bd88716b164"
  name = "github.com/hajimehoshi/oto"
  packages = [
    ".",
    "internal/mux",
  ]
  pruneopts = ""
  revision = "ac73e202da9bf0b5596c1a6d4cd12fad992987d3"

[[projects]]
  branch = "master"
  digest = "1:b4a828fca29924f2979a387f6696697c01cfa44f2968a9438fd889b683152b7d"
  name = "golang.org/x/exp"
  packages = [
    "shiny/driver/gldriver",
    "shiny/driver/internal/drawer",
    "shiny/driver/internal/errscreen",
    "shiny/driver/internal/event",
    "shiny/driver/internal/lifecycler",
    "shiny/driver/internal/win32",
    "shiny/driver/internal/x11key",
    "shiny/screen",
  ]
  pruneopts = ""
  revision = "8460e604b9de9da5834c9f198cadf9dca4b05cac"

[[projects]]
  branch = "master"
  digest = "1:8f8539d1710c2fc1687a951e0f3a9de533e87f860c09b8644724c1b5e8b2416f"
  name = "golang.org/x/image"
  packages = [
    "font",
    "font/gofont/goregular",
    "math/f64",
    "math/fixed",
  ]
  pruneopts = ""
  revision = "61b8692d9a5c9886248d7f96e0ba50ad77baab4c"

[[projects]]
  branch = "master"
  digest = "1:2449b580e062055c86fec96c213611416ce294d6977b0a20335a78db6184a8bf"
  name = "golang.org/x/mobile"
  packages = [
    "app",
    "app/internal/callfn",
    "asset",
    "event/key",
    "event/lifecycle",
    "event/mouse",
    "event/paint",
    "event/size",
    "event/touch",
    "exp/app/debug",
    "exp/f32",
    "exp/gl/glutil",
    "exp/sprite",
    "exp/sprite/clock",
    "exp/sprite/glsprite",
    "geom",
    "gl",
    "internal/mobileinit",
  ]
  pruneopts = ""
  revision = "32b2708ab17190067486adc3513cae8dc2a7e5a4"

[[projects]]
  branch = "master"
  digest = "1:267aa6124260d0e48d1ebf8bb84dce97caa133406b3caabc076cfc7a9e85ffe4"
  name = "golang.org/x/sys"
  packages = [
    "unix",
    "windows",
  ]
  pruneopts = ""
  revision = "1d206c9fa8975fb4cf00df1dc8bf3283dc24ba0e"

[solve-meta]
  analyzer-name = "dep"
  analyzer-version = 1
  input-imports = [
    "github.com/boltdb/bolt",
    "github.com/golang/freetype/raster",
    "github.com/golang/freetype/truetype",
    "github.com/gopherjs/gopherjs/js",
    "github.com/hajimehoshi/go-mp3",
    "github.com/hajimehoshi/oto",
    "golang.org/x/exp/shiny/driver/gldriver",
    "golang.org/x/exp/shiny/driver/internal/drawer",
    "golang.org/x/exp/shiny/driver/internal/errscreen",
    "golang.org/x/exp/shiny/driver/internal/event",
    "golang.org/x/exp/shiny/driver/internal/lifecycler",
    "golang.org/x/exp/shiny/driver/internal/win32",
    "golang.org/x/exp/shiny/driver/internal/x11key",
    "golang.org/x/exp/shiny/screen",
    "golang.org/x/image/font",
    "golang.org/x/image/font/gofont/goregular",
    "golang.org/x/image/math/f64",
    "golang.org/x/image/math/fixed",
    "golang.org/x/mobile/app",
    "golang.org/x/mobile/app/internal/callfn",
    "golang.org/x/mobile/asset",
    "golang.org/x/mobile/event/key",
    "golang.org/x/mobile/event/lifecycle",
    "golang.org/x/mobile/event/mouse",
    "golang.org/x/mobile/event/paint",
    "golang.org/x/mobile/event/size",
    "golang.org/x/mobile/event/touch",
    "golang.org/x/mobile/exp/app/debug",
    "golang.org/x/mobile/exp/f32",
    "golang.org/x/mobile/exp/gl/glutil",
    "golang.org/x/mobile/exp/sprite",
    "golang.org/x/mobile/exp/sprite/clock",
    "golang.org/x/mobile/exp/sprite/glsprite",
    "golang.org/x/mobile/geom",
    "golang.org/x/mobile/gl",
    "golang.org/x/sys/unix",
    "golang.org/x/sys/windows",
  ]
  solver-name = "gps-cdcl"
  solver-version = 1
