# This file is autogenerated, do not edit; changes may be undone by the next 'dep ensure'.


[[projects]]
  digest = "1:ed112122ed4a920d944cc99b9d00b0441c11685939c28462c719488d36fe29aa"
  name = "github.com/boltdb/bolt"
  packages = ["."]
  pruneopts = ""
  revision = "2f1ce7a837dcb8da3ec595b1dac9d0632f0f99e8"
  version = "v1.3.1"

[[projects]]
  branch = "master"
  digest = "1:05f7dd1dc7530cd6b959f8b49660cd898f8dc9601b4e764ef9bdf211e6318774"
  name = "github.com/golang/freetype"
  packages = [
    "raster",
    "truetype",
  ]
  pruneopts = ""
  revision = "e2365dfdc4a05e4b8299a783240d4a7d5a65d4e4"

[[projects]]
  branch = "master"
  digest = "1:80b134ce14a5242e2bfd70bb6a3eae8b9a21c27d29f609226b0caea430ff7918"
  name = "github.com/gopherjs/gopherjs"
  packages = ["js"]
  pruneopts = ""
  revision = "82b322028c96512b15077093b16a5f1c7ea897ac"

[[projects]]
  digest = "1:1c75d13f1f4021455394bf1106e2356db9e6e71443839def937cf96fe4d88c98"
  name = "github.com/gopherjs/gopherwasm"
  packages = ["js"]
  pruneopts = ""
  revision = "b0e1786f520333e4546f02930c5ca8a929b38841"
  version = "v1.0.1"

[[projects]]
  branch = "master"
  digest = "1:52bed41228992c80d86368302be2ea2840c515a45cba5aeb01293d9c7b277ff2"
  name = "github.com/hajimehoshi/go-mp3"
  packages = [
    ".",
    "internal/bits",
    "internal/consts",
    "internal/frame",
    "internal/frameheader",
    "internal/huffman",
    "internal/imdct",
    "internal/maindata",
    "internal/sideinfo",
  ]
  pruneopts = ""
  revision = "90191ee719ddc192865cd96bdc8013ef1ed6dbea"

[[projects]]
  branch = "master"
  digest = "1:909939c7ad8d52b09a7fda414e4e95e6c944238c9992c6d71aff6f8df10d6f76"
  name = "github.com/hajimehoshi/oto"
  packages = ["."]
  pruneopts = ""
  revision = "69b46d84898282d901717ca51635af708da6c086"

[[projects]]
  branch = "master"
  digest = "1:b4a828fca29924f2979a387f6696697c01cfa44f2968a9438fd889b683152b7d"
  name = "golang.org/x/exp"
  packages = [
    "shiny/driver/gldriver",
    "shiny/driver/internal/drawer",
    "shiny/driver/internal/errscreen",
    "shiny/driver/internal/event",
    "shiny/driver/internal/lifecycler",
    "shiny/driver/internal/win32",
    "shiny/driver/internal/x11key",
    "shiny/screen",
  ]
  pruneopts = ""
  revision = "8460e604b9de9da5834c9f198cadf9dca4b05cac"

[[projects]]
  branch = "master"
  digest = "1:5af73a1d89fa7bcb0f7f3e49c8d7d1f7b3da80430424b2a2055de414b779f31a"
  name = "golang.org/x/image"
  packages = [
    "font",
    "font/gofont/goregular",
    "math/f64",
    "math/fixed",
  ]
  pruneopts = ""
  revision = "cd38e8056d9b27bb2f265effa37fb0ea6b8a7f0f"

[[projects]]
  branch = "master"
  digest = "1:00a482caced538e5791953aceca8f9ffe528d195ccfd4a9b0f29a552f320e2de"
  name = "golang.org/x/mobile"
  packages = [
    "app",
    "app/internal/callfn",
    "asset",
    "event/key",
    "event/lifecycle",
    "event/mouse",
    "event/paint",
    "event/size",
    "event/touch",
    "exp/app/debug",
    "exp/f32",
    "exp/gl/glutil",
    "exp/sprite",
    "exp/sprite/clock",
    "exp/sprite/glsprite",
    "geom",
    "gl",
    "internal/mobileinit",
  ]
  pruneopts = ""
  revision = "dc0771356504be3250bf83d2383003b94fdb4796"

[[projects]]
  branch = "master"
  digest = "1:267aa6124260d0e48d1ebf8bb84dce97caa133406b3caabc076cfc7a9e85ffe4"
  name = "golang.org/x/sys"
  packages = [
    "unix",
    "windows",
  ]
  pruneopts = ""
  revision = "1d206c9fa8975fb4cf00df1dc8bf3283dc24ba0e"

[solve-meta]
  analyzer-name = "dep"
  analyzer-version = 1
  input-imports = [
    "github.com/boltdb/bolt",
    "github.com/golang/freetype/raster",
    "github.com/golang/freetype/truetype",
    "github.com/gopherjs/gopherjs/js",
    "github.com/hajimehoshi/go-mp3",
    "github.com/hajimehoshi/oto",
    "golang.org/x/exp/shiny/driver/gldriver",
    "golang.org/x/exp/shiny/driver/internal/drawer",
    "golang.org/x/exp/shiny/driver/internal/errscreen",
    "golang.org/x/exp/shiny/driver/internal/event",
    "golang.org/x/exp/shiny/driver/internal/lifecycler",
    "golang.org/x/exp/shiny/driver/internal/win32",
    "golang.org/x/exp/shiny/driver/internal/x11key",
    "golang.org/x/exp/shiny/screen",
    "golang.org/x/image/font",
    "golang.org/x/image/font/gofont/goregular",
    "golang.org/x/image/math/f64",
    "golang.org/x/image/math/fixed",
    "golang.org/x/mobile/app",
    "golang.org/x/mobile/app/internal/callfn",
    "golang.org/x/mobile/asset",
    "golang.org/x/mobile/event/key",
    "golang.org/x/mobile/event/lifecycle",
    "golang.org/x/mobile/event/mouse",
    "golang.org/x/mobile/event/paint",
    "golang.org/x/mobile/event/size",
    "golang.org/x/mobile/event/touch",
    "golang.org/x/mobile/exp/app/debug",
    "golang.org/x/mobile/exp/f32",
    "golang.org/x/mobile/exp/gl/glutil",
    "golang.org/x/mobile/exp/sprite",
    "golang.org/x/mobile/exp/sprite/clock",
    "golang.org/x/mobile/exp/sprite/glsprite",
    "golang.org/x/mobile/geom",
    "golang.org/x/mobile/gl",
    "golang.org/x/sys/unix",
    "golang.org/x/sys/windows",
  ]
  solver-name = "gps-cdcl"
  solver-version = 1
